
Microsoft Visual Studio Solution File, Format Version 12.00
# Visual Studio 15
VisualStudioVersion = 15.0.27130.2010
MinimumVisualStudioVersion = 10.0.40219.1
Project("{FAE04EC0-301F-11D3-BF4B-00C04F79EFBC}") = "Project-5824631014", "Project-5824631014\Project-5824631014.csproj", "{A4771594-7E97-440D-B98F-020A38A19CAD}"
EndProject
Global
	GlobalSection(SolutionConfigurationPlatforms) = preSolution
		Debug|Any CPU = Debug|Any CPU
		Release|Any CPU = Release|Any CPU
	EndGlobalSection
	GlobalSection(ProjectConfigurationPlatforms) = postSolution
		{A4771594-7E97-440D-B98F-020A38A19CAD}.Debug|Any CPU.ActiveCfg = Debug|Any CPU
		{A4771594-7E97-440D-B98F-020A38A19CAD}.Debug|Any CPU.Build.0 = Debug|Any CPU
		{A4771594-7E97-440D-B98F-020A38A19CAD}.Release|Any CPU.ActiveCfg = Release|Any CPU
		{A4771594-7E97-440D-B98F-020A38A19CAD}.Release|Any CPU.Build.0 = Release|Any CPU
	EndGlobalSection
	GlobalSection(SolutionProperties) = preSolution
		HideSolutionNode = FALSE
	EndGlobalSection
	GlobalSection(ExtensibilityGlobals) = postSolution
		SolutionGuid = {08156D60-E6A1-47D9-A7FD-2C52A0813A82}
	EndGlobalSection
EndGlobal
